
Microsoft Visual Studio Solution File, Format Version 12.00
# Visual Studio Version 17
VisualStudioVersion = 17.7.34018.315
MinimumVisualStudioVersion = 10.0.40219.1
Project("{9A19103F-16F7-4668-BE54-9A1E7A4F7556}") = "AuthenticationServer", "AuthenticationServer\AuthenticationServer.csproj", "{EFAD7BB9-ED51-45FA-B569-4952C5E351CF}"
EndProject
Project("{9A19103F-16F7-4668-BE54-9A1E7A4F7556}") = "MenuItemService", "MenuItemService\MenuItemService.csproj", "{6188ED7D-689C-4274-87EE-E85C536EF5C5}"
EndProject
Project("{9A19103F-16F7-4668-BE54-9A1E7A4F7556}") = "BranchServices", "BranchServices\BranchServices.csproj", "{AC5F89FF-2CEA-424C-A2CF-D7981D59E160}"
EndProject
Project("{2150E333-8FDC-42A3-9474-1A3956D46DE8}") = "Solution Items", "Solution Items", "{285529BF-B385-41D8-9A02-7A1E1287164C}"
	ProjectSection(SolutionItems) = preProject
		.dockerignore = .dockerignore
		.gitattributes = .gitattributes
		.gitignore = .gitignore
		HaloHopPot.sql = HaloHopPot.sql
		LICENSE.txt = LICENSE.txt
		README.md = README.md
	EndProjectSection
EndProject
Global
	GlobalSection(SolutionConfigurationPlatforms) = preSolution
		Debug|Any CPU = Debug|Any CPU
		Release|Any CPU = Release|Any CPU
	EndGlobalSection
	GlobalSection(ProjectConfigurationPlatforms) = postSolution
		{EFAD7BB9-ED51-45FA-B569-4952C5E351CF}.Debug|Any CPU.ActiveCfg = Debug|Any CPU
		{EFAD7BB9-ED51-45FA-B569-4952C5E351CF}.Debug|Any CPU.Build.0 = Debug|Any CPU
		{EFAD7BB9-ED51-45FA-B569-4952C5E351CF}.Release|Any CPU.ActiveCfg = Release|Any CPU
		{EFAD7BB9-ED51-45FA-B569-4952C5E351CF}.Release|Any CPU.Build.0 = Release|Any CPU
		{6188ED7D-689C-4274-87EE-E85C536EF5C5}.Debug|Any CPU.ActiveCfg = Debug|Any CPU
		{6188ED7D-689C-4274-87EE-E85C536EF5C5}.Debug|Any CPU.Build.0 = Debug|Any CPU
		{6188ED7D-689C-4274-87EE-E85C536EF5C5}.Release|Any CPU.ActiveCfg = Release|Any CPU
		{6188ED7D-689C-4274-87EE-E85C536EF5C5}.Release|Any CPU.Build.0 = Release|Any CPU
		{AC5F89FF-2CEA-424C-A2CF-D7981D59E160}.Debug|Any CPU.ActiveCfg = Debug|Any CPU
		{AC5F89FF-2CEA-424C-A2CF-D7981D59E160}.Debug|Any CPU.Build.0 = Debug|Any CPU
		{AC5F89FF-2CEA-424C-A2CF-D7981D59E160}.Release|Any CPU.ActiveCfg = Release|Any CPU
		{AC5F89FF-2CEA-424C-A2CF-D7981D59E160}.Release|Any CPU.Build.0 = Release|Any CPU
	EndGlobalSection
	GlobalSection(SolutionProperties) = preSolution
		HideSolutionNode = FALSE
	EndGlobalSection
	GlobalSection(ExtensibilityGlobals) = postSolution
		SolutionGuid = {F157D603-2E93-483E-947B-C3066DA5F471}
	EndGlobalSection
EndGlobal
